
Microsoft Visual Studio Solution File, Format Version 12.00
# Visual Studio Version 17
VisualStudioVersion = 17.0.31903.59
MinimumVisualStudioVersion = 10.0.40219.1
Project("{FAE04EC0-301F-11D3-BF4B-00C04F79EFBC}") = "MyDashboard.Web", "MyDashboard.Web\MyDashboard.Web.csproj", "{4DFB1232-FDAA-4684-8CAA-E495C68BFB75}"
EndProject
Project("{FAE04EC0-301F-11D3-BF4B-00C04F79EFBC}") = "MyDashboard.Models", "MyDashboard.Models\MyDashboard.Models.csproj", "{2D5B16E4-0B85-4683-BA38-2717A4F0D176}"
EndProject
Global
	GlobalSection(SolutionConfigurationPlatforms) = preSolution
		Debug|Any CPU = Debug|Any CPU
		Release|Any CPU = Release|Any CPU
	EndGlobalSection
	GlobalSection(SolutionProperties) = preSolution
		HideSolutionNode = FALSE
	EndGlobalSection
	GlobalSection(ProjectConfigurationPlatforms) = postSolution
		{4DFB1232-FDAA-4684-8CAA-E495C68BFB75}.Debug|Any CPU.ActiveCfg = Debug|Any CPU
		{4DFB1232-FDAA-4684-8CAA-E495C68BFB75}.Debug|Any CPU.Build.0 = Debug|Any CPU
		{4DFB1232-FDAA-4684-8CAA-E495C68BFB75}.Release|Any CPU.ActiveCfg = Release|Any CPU
		{4DFB1232-FDAA-4684-8CAA-E495C68BFB75}.Release|Any CPU.Build.0 = Release|Any CPU
		{2D5B16E4-0B85-4683-BA38-2717A4F0D176}.Debug|Any CPU.ActiveCfg = Debug|Any CPU
		{2D5B16E4-0B85-4683-BA38-2717A4F0D176}.Debug|Any CPU.Build.0 = Debug|Any CPU
		{2D5B16E4-0B85-4683-BA38-2717A4F0D176}.Release|Any CPU.ActiveCfg = Release|Any CPU
		{2D5B16E4-0B85-4683-BA38-2717A4F0D176}.Release|Any CPU.Build.0 = Release|Any CPU
	EndGlobalSection
EndGlobal
